
Microsoft Visual Studio Solution File, Format Version 11.00
# Visual Studio 2010
Project("{FAE04EC0-301F-11D3-BF4B-00C04F79EFBC}") = "Assembly-CSharp", "Assembly-CSharp.csproj", "{945c5eea-a103-dcae-67ad-8df2ab077e38}"
EndProject
Project("{FAE04EC0-301F-11D3-BF4B-00C04F79EFBC}") = "NavMeshComponentsEditor", "NavMeshComponentsEditor.csproj", "{9c0c288a-c862-e53b-fc3f-0e7ab3909f5c}"
EndProject
Project("{FAE04EC0-301F-11D3-BF4B-00C04F79EFBC}") = "NavMeshComponents", "NavMeshComponents.csproj", "{0eb36055-1c14-4408-ca25-57ed49d2997f}"
EndProject
Global
	GlobalSection(SolutionConfigurationPlatforms) = preSolution
		Debug|Any CPU = Debug|Any CPU
	EndGlobalSection
	GlobalSection(ProjectConfigurationPlatforms) = postSolution
		{945c5eea-a103-dcae-67ad-8df2ab077e38}.Debug|Any CPU.ActiveCfg = Debug|Any CPU
		{945c5eea-a103-dcae-67ad-8df2ab077e38}.Debug|Any CPU.Build.0 = Debug|Any CPU
		{9c0c288a-c862-e53b-fc3f-0e7ab3909f5c}.Debug|Any CPU.ActiveCfg = Debug|Any CPU
		{9c0c288a-c862-e53b-fc3f-0e7ab3909f5c}.Debug|Any CPU.Build.0 = Debug|Any CPU
		{0eb36055-1c14-4408-ca25-57ed49d2997f}.Debug|Any CPU.ActiveCfg = Debug|Any CPU
		{0eb36055-1c14-4408-ca25-57ed49d2997f}.Debug|Any CPU.Build.0 = Debug|Any CPU
	EndGlobalSection
	GlobalSection(SolutionProperties) = preSolution
		HideSolutionNode = FALSE
	EndGlobalSection
EndGlobal
